
Microsoft Visual Studio Solution File, Format Version 12.00
# Visual Studio Version 17
VisualStudioVersion = 17.10.35013.160
MinimumVisualStudioVersion = 10.0.40219.1
Project("{FAE04EC0-301F-11D3-BF4B-00C04F79EFBC}") = "Mikroservis.Email", "Mikroservis.Email\Mikroservis.Email.csproj", "{0EE04460-2C6A-4414-B61B-40E7A33B7175}"
EndProject
Global
	GlobalSection(SolutionConfigurationPlatforms) = preSolution
		Debug|Any CPU = Debug|Any CPU
		Release|Any CPU = Release|Any CPU
	EndGlobalSection
	GlobalSection(ProjectConfigurationPlatforms) = postSolution
		{0EE04460-2C6A-4414-B61B-40E7A33B7175}.Debug|Any CPU.ActiveCfg = Debug|Any CPU
		{0EE04460-2C6A-4414-B61B-40E7A33B7175}.Debug|Any CPU.Build.0 = Debug|Any CPU
		{0EE04460-2C6A-4414-B61B-40E7A33B7175}.Release|Any CPU.ActiveCfg = Release|Any CPU
		{0EE04460-2C6A-4414-B61B-40E7A33B7175}.Release|Any CPU.Build.0 = Release|Any CPU
	EndGlobalSection
	GlobalSection(SolutionProperties) = preSolution
		HideSolutionNode = FALSE
	EndGlobalSection
	GlobalSection(ExtensibilityGlobals) = postSolution
		SolutionGuid = {5F34CB1D-39DD-4E38-A723-944B5C9BA820}
	EndGlobalSection
EndGlobal
