
Microsoft Visual Studio Solution File, Format Version 12.00
# Visual Studio Version 17
VisualStudioVersion = 17.10.35013.160
MinimumVisualStudioVersion = 10.0.40219.1
Project("{FAE04EC0-301F-11D3-BF4B-00C04F79EFBC}") = "Mikroservis.Clanovi", "Mikroservis.Clanovi\Mikroservis.Clanovi.csproj", "{37454C35-C2E1-4C8A-BB24-3F0834DE4288}"
EndProject
Global
	GlobalSection(SolutionConfigurationPlatforms) = preSolution
		Debug|Any CPU = Debug|Any CPU
		Release|Any CPU = Release|Any CPU
	EndGlobalSection
	GlobalSection(ProjectConfigurationPlatforms) = postSolution
		{37454C35-C2E1-4C8A-BB24-3F0834DE4288}.Debug|Any CPU.ActiveCfg = Debug|Any CPU
		{37454C35-C2E1-4C8A-BB24-3F0834DE4288}.Debug|Any CPU.Build.0 = Debug|Any CPU
		{37454C35-C2E1-4C8A-BB24-3F0834DE4288}.Release|Any CPU.ActiveCfg = Release|Any CPU
		{37454C35-C2E1-4C8A-BB24-3F0834DE4288}.Release|Any CPU.Build.0 = Release|Any CPU
	EndGlobalSection
	GlobalSection(SolutionProperties) = preSolution
		HideSolutionNode = FALSE
	EndGlobalSection
	GlobalSection(ExtensibilityGlobals) = postSolution
		SolutionGuid = {7D574971-33B1-469A-9D40-04CAB6968A37}
	EndGlobalSection
EndGlobal
